
Microsoft Visual Studio Solution File, Format Version 12.00
# Visual Studio Version 16
VisualStudioVersion = 16.0.34031.81
MinimumVisualStudioVersion = 10.0.40219.1
Project("{888888A0-9F3D-457C-B088-3A5042F75D52}") = "Arreglos multidimencionales", "Arreglos multidimencionales\Arreglos multidimencionales.pyproj", "{1879302E-62A0-4B4E-BD9E-BA7FC40736EF}"
EndProject
Global
	GlobalSection(SolutionConfigurationPlatforms) = preSolution
		Debug|Any CPU = Debug|Any CPU
		Release|Any CPU = Release|Any CPU
	EndGlobalSection
	GlobalSection(ProjectConfigurationPlatforms) = postSolution
		{1879302E-62A0-4B4E-BD9E-BA7FC40736EF}.Debug|Any CPU.ActiveCfg = Debug|Any CPU
		{1879302E-62A0-4B4E-BD9E-BA7FC40736EF}.Release|Any CPU.ActiveCfg = Release|Any CPU
	EndGlobalSection
	GlobalSection(SolutionProperties) = preSolution
		HideSolutionNode = FALSE
	EndGlobalSection
	GlobalSection(ExtensibilityGlobals) = postSolution
		SolutionGuid = {90E88E1F-F1F7-4E54-B3BD-9F6B62A187A7}
	EndGlobalSection
EndGlobal
